// !$*UTF8*$!
{
	archiveVersion = 1;
	classes = {
	};
	objectVersion = 56;
	objects = {

/* Begin PBXBuildFile section */
		4D851ECB294791D900D8D58C /* AppDelegate.swift in Sources */ = {isa = PBXBuildFile; fileRef = 4D851ECA294791D900D8D58C /* AppDelegate.swift */; };
		4D851ECD294791D900D8D58C /* SceneDelegate.swift in Sources */ = {isa = PBXBuildFile; fileRef = 4D851ECC294791D900D8D58C /* SceneDelegate.swift */; };
		4D851ECF294791D900D8D58C /* ViewController.swift in Sources */ = {isa = PBXBuildFile; fileRef = 4D851ECE294791D900D8D58C /* ViewController.swift */; };
		4D851ED2294791D900D8D58C /* Main.storyboard in Resources */ = {isa = PBXBuildFile; fileRef = 4D851ED0294791D900D8D58C /* Main.storyboard */; };
		4D851ED4294791DB00D8D58C /* Assets.xcassets in Resources */ = {isa = PBXBuildFile; fileRef = 4D851ED3294791DB00D8D58C /* Assets.xcassets */; };
		4D851ED7294791DB00D8D58C /* LaunchScreen.storyboard in Resources */ = {isa = PBXBuildFile; fileRef = 4D851ED5294791DB00D8D58C /* LaunchScreen.storyboard */; };
		4D851EE2294791DB00D8D58C /* calculadoraTests.swift in Sources */ = {isa = PBXBuildFile; fileRef = 4D851EE1294791DB00D8D58C /* calculadoraTests.swift */; };
		4D851EEC294791DB00D8D58C /* calculadoraUITests.swift in Sources */ = {isa = PBXBuildFile; fileRef = 4D851EEB294791DB00D8D58C /* calculadoraUITests.swift */; };
		4D851EEE294791DB00D8D58C /* calculadoraUITestsLaunchTests.swift in Sources */ = {isa = PBXBuildFile; fileRef = 4D851EED294791DB00D8D58C /* calculadoraUITestsLaunchTests.swift */; };
		4D851EFB2947F68000D8D58C /* SplashController.swift in Sources */ = {isa = PBXBuildFile; fileRef = 4D851EFA2947F68000D8D58C /* SplashController.swift */; };
/* End PBXBuildFile section */

/* Begin PBXContainerItemProxy section */
		4D851EDE294791DB00D8D58C /* PBXContainerItemProxy */ = {
			isa = PBXContainerItemProxy;
			containerPortal = 4D851EBF294791D900D8D58C /* Project object */;
			proxyType = 1;
			remoteGlobalIDString = 4D851EC6294791D900D8D58C;
			remoteInfo = calculadora;
		};
		4D851EE8294791DB00D8D58C /* PBXContainerItemProxy */ = {
			isa = PBXContainerItemProxy;
			containerPortal = 4D851EBF294791D900D8D58C /* Project object */;
			proxyType = 1;
			remoteGlobalIDString = 4D851EC6294791D900D8D58C;
			remoteInfo = calculadora;
		};
/* End PBXContainerItemProxy section */

/* Begin PBXFileReference section */
		4D851EC7294791D900D8D58C /* calculadora.app */ = {isa = PBXFileReference; explicitFileType = wrapper.application; includeInIndex = 0; path = calculadora.app; sourceTree = BUILT_PRODUCTS_DIR; };
		4D851ECA294791D900D8D58C /* AppDelegate.swift */ = {isa = PBXFileReference; lastKnownFileType = sourcecode.swift; path = AppDelegate.swift; sourceTree = "<group>"; };
		4D851ECC294791D900D8D58C /* SceneDelegate.swift */ = {isa = PBXFileReference; lastKnownFileType = sourcecode.swift; path = SceneDelegate.swift; sourceTree = "<group>"; };
		4D851ECE294791D900D8D58C /* ViewController.swift */ = {isa = PBXFileReference; lastKnownFileType = sourcecode.swift; path = ViewController.swift; sourceTree = "<group>"; };
		4D851ED1294791D900D8D58C /* Base */ = {isa = PBXFileReference; lastKnownFileType = file.storyboard; name = Base; path = Base.lproj/Main.storyboard; sourceTree = "<group>"; };
		4D851ED3294791DB00D8D58C /* Assets.xcassets */ = {isa = PBXFileReference; lastKnownFileType = folder.assetcatalog; path = Assets.xcassets; sourceTree = "<group>"; };
		4D851ED6294791DB00D8D58C /* Base */ = {isa = PBXFileReference; lastKnownFileType = file.storyboard; name = Base; path = Base.lproj/LaunchScreen.storyboard; sourceTree = "<group>"; };
		4D851ED8294791DB00D8D58C /* Info.plist */ = {isa = PBXFileReference; lastKnownFileType = text.plist.xml; path = Info.plist; sourceTree = "<group>"; };
		4D851EDD294791DB00D8D58C /* calculadoraTests.xctest */ = {isa = PBXFileReference; explicitFileType = wrapper.cfbundle; includeInIndex = 0; path = calculadoraTests.xctest; sourceTree = BUILT_PRODUCTS_DIR; };
		4D851EE1294791DB00D8D58C /* calculadoraTests.swift */ = {isa = PBXFileReference; lastKnownFileType = sourcecode.swift; path = calculadoraTests.swift; sourceTree = "<group>"; };
		4D851EE7294791DB00D8D58C /* calculadoraUITests.xctest */ = {isa = PBXFileReference; explicitFileType = wrapper.cfbundle; includeInIndex = 0; path = calculadoraUITests.xctest; sourceTree = BUILT_PRODUCTS_DIR; };
		4D851EEB294791DB00D8D58C /* calculadoraUITests.swift */ = {isa = PBXFileReference; lastKnownFileType = sourcecode.swift; path = calculadoraUITests.swift; sourceTree = "<group>"; };
		4D851EED294791DB00D8D58C /* calculadoraUITestsLaunchTests.swift */ = {isa = PBXFileReference; lastKnownFileType = sourcecode.swift; path = calculadoraUITestsLaunchTests.swift; sourceTree = "<group>"; };
		4D851EFA2947F68000D8D58C /* SplashController.swift */ = {isa = PBXFileReference; lastKnownFileType = sourcecode.swift; path = SplashController.swift; sourceTree = "<group>"; };
/* End PBXFileReference section */

/* Begin PBXFrameworksBuildPhase section */
		4D851EC4294791D900D8D58C /* Frameworks */ = {
			isa = PBXFrameworksBuildPhase;
			buildActionMask = 2147483647;
			files = (
			);
			runOnlyForDeploymentPostprocessing = 0;
		};
		4D851EDA294791DB00D8D58C /* Frameworks */ = {
			isa = PBXFrameworksBuildPhase;
			buildActionMask = 2147483647;
			files = (
			);
			runOnlyForDeploymentPostprocessing = 0;
		};
		4D851EE4294791DB00D8D58C /* Frameworks */ = {
			isa = PBXFrameworksBuildPhase;
			buildActionMask = 2147483647;
			files = (
			);
			runOnlyForDeploymentPostprocessing = 0;
		};
/* End PBXFrameworksBuildPhase section */

/* Begin PBXGroup section */
		4D851EBE294791D900D8D58C = {
			isa = PBXGroup;
			children = (
				4D851EC9294791D900D8D58C /* calculadora */,
				4D851EE0294791DB00D8D58C /* calculadoraTests */,
				4D851EEA294791DB00D8D58C /* calculadoraUITests */,
				4D851EC8294791D900D8D58C /* Products */,
			);
			sourceTree = "<group>";
		};
		4D851EC8294791D900D8D58C /* Products */ = {
			isa = PBXGroup;
			children = (
				4D851EC7294791D900D8D58C /* calculadora.app */,
				4D851EDD294791DB00D8D58C /* calculadoraTests.xctest */,
				4D851EE7294791DB00D8D58C /* calculadoraUITests.xctest */,
			);
			name = Products;
			sourceTree = "<group>";
		};
		4D851EC9294791D900D8D58C /* calculadora */ = {
			isa = PBXGroup;
			children = (
				4D851ECA294791D900D8D58C /* AppDelegate.swift */,
				4D851ECC294791D900D8D58C /* SceneDelegate.swift */,
				4D851EFA2947F68000D8D58C /* SplashController.swift */,
				4D851ECE294791D900D8D58C /* ViewController.swift */,
				4D851ED0294791D900D8D58C /* Main.storyboard */,
				4D851ED3294791DB00D8D58C /* Assets.xcassets */,
				4D851ED5294791DB00D8D58C /* LaunchScreen.storyboard */,
				4D851ED8294791DB00D8D58C /* Info.plist */,
			);
			path = calculadora;
			sourceTree = "<group>";
		};
		4D851EE0294791DB00D8D58C /* calculadoraTests */ = {
			isa = PBXGroup;
			children = (
				4D851EE1294791DB00D8D58C /* calculadoraTests.swift */,
			);
			path = calculadoraTests;
			sourceTree = "<group>";
		};
		4D851EEA294791DB00D8D58C /* calculadoraUITests */ = {
			isa = PBXGroup;
			children = (
				4D851EEB294791DB00D8D58C /* calculadoraUITests.swift */,
				4D851EED294791DB00D8D58C /* calculadoraUITestsLaunchTests.swift */,
			);
			path = calculadoraUITests;
			sourceTree = "<group>";
		};
/* End PBXGroup section */

/* Begin PBXNativeTarget section */
		4D851EC6294791D900D8D58C /* calculadora */ = {
			isa = PBXNativeTarget;
			buildConfigurationList = 4D851EF1294791DB00D8D58C /* Build configuration list for PBXNativeTarget "calculadora" */;
			buildPhases = (
				4D851EC3294791D900D8D58C /* Sources */,
				4D851EC4294791D900D8D58C /* Frameworks */,
				4D851EC5294791D900D8D58C /* Resources */,
			);
			buildRules = (
			);
			dependencies = (
			);
			name = calculadora;
			productName = calculadora;
			productReference = 4D851EC7294791D900D8D58C /* calculadora.app */;
			productType = "com.apple.product-type.application";
		};
		4D851EDC294791DB00D8D58C /* calculadoraTests */ = {
			isa = PBXNativeTarget;
			buildConfigurationList = 4D851EF4294791DB00D8D58C /* Build configuration list for PBXNativeTarget "calculadoraTests" */;
			buildPhases = (
				4D851ED9294791DB00D8D58C /* Sources */,
				4D851EDA294791DB00D8D58C /* Frameworks */,
				4D851EDB294791DB00D8D58C /* Resources */,
			);
			buildRules = (
			);
			dependencies = (
				4D851EDF294791DB00D8D58C /* PBXTargetDependency */,
			);
			name = calculadoraTests;
			productName = calculadoraTests;
			productReference = 4D851EDD294791DB00D8D58C /* calculadoraTests.xctest */;
			productType = "com.apple.product-type.bundle.unit-test";
		};
		4D851EE6294791DB00D8D58C /* calculadoraUITests */ = {
			isa = PBXNativeTarget;
			buildConfigurationList = 4D851EF7294791DB00D8D58C /* Build configuration list for PBXNativeTarget "calculadoraUITests" */;
			buildPhases = (
				4D851EE3294791DB00D8D58C /* Sources */,
				4D851EE4294791DB00D8D58C /* Frameworks */,
				4D851EE5294791DB00D8D58C /* Resources */,
			);
			buildRules = (
			);
			dependencies = (
				4D851EE9294791DB00D8D58C /* PBXTargetDependency */,
			);
			name = calculadoraUITests;
			productName = calculadoraUITests;
			productReference = 4D851EE7294791DB00D8D58C /* calculadoraUITests.xctest */;
			productType = "com.apple.product-type.bundle.ui-testing";
		};
/* End PBXNativeTarget section */

/* Begin PBXProject section */
		4D851EBF294791D900D8D58C /* Project object */ = {
			isa = PBXProject;
			attributes = {
				BuildIndependentTargetsInParallel = 1;
				LastSwiftUpdateCheck = 1410;
				LastUpgradeCheck = 1410;
				TargetAttributes = {
					4D851EC6294791D900D8D58C = {
						CreatedOnToolsVersion = 14.1;
					};
					4D851EDC294791DB00D8D58C = {
						CreatedOnToolsVersion = 14.1;
						TestTargetID = 4D851EC6294791D900D8D58C;
					};
					4D851EE6294791DB00D8D58C = {
						CreatedOnToolsVersion = 14.1;
						TestTargetID = 4D851EC6294791D900D8D58C;
					};
				};
			};
			buildConfigurationList = 4D851EC2294791D900D8D58C /* Build configuration list for PBXProject "calculadora" */;
			compatibilityVersion = "Xcode 14.0";
			developmentRegion = en;
			hasScannedForEncodings = 0;
			knownRegions = (
				en,
				Base,
			);
			mainGroup = 4D851EBE294791D900D8D58C;
			productRefGroup = 4D851EC8294791D900D8D58C /* Products */;
			projectDirPath = "";
			projectRoot = "";
			targets = (
				4D851EC6294791D900D8D58C /* calculadora */,
				4D851EDC294791DB00D8D58C /* calculadoraTests */,
				4D851EE6294791DB00D8D58C /* calculadoraUITests */,
			);
		};
/* End PBXProject section */

/* Begin PBXResourcesBuildPhase section */
		4D851EC5294791D900D8D58C /* Resources */ = {
			isa = PBXResourcesBuildPhase;
			buildActionMask = 2147483647;
			files = (
				4D851ED7294791DB00D8D58C /* LaunchScreen.storyboard in Resources */,
				4D851ED4294791DB00D8D58C /* Assets.xcassets in Resources */,
				4D851ED2294791D900D8D58C /* Main.storyboard in Resources */,
			);
			runOnlyForDeploymentPostprocessing = 0;
		};
		4D851EDB294791DB00D8D58C /* Resources */ = {
			isa = PBXResourcesBuildPhase;
			buildActionMask = 2147483647;
			files = (
			);
			runOnlyForDeploymentPostprocessing = 0;
		};
		4D851EE5294791DB00D8D58C /* Resources */ = {
			isa = PBXResourcesBuildPhase;
			buildActionMask = 2147483647;
			files = (
			);
			runOnlyForDeploymentPostprocessing = 0;
		};
/* End PBXResourcesBuildPhase section */

/* Begin PBXSourcesBuildPhase section */
		4D851EC3294791D900D8D58C /* Sources */ = {
			isa = PBXSourcesBuildPhase;
			buildActionMask = 2147483647;
			files = (
				4D851EFB2947F68000D8D58C /* SplashController.swift in Sources */,
				4D851ECF294791D900D8D58C /* ViewController.swift in Sources */,
				4D851ECB294791D900D8D58C /* AppDelegate.swift in Sources */,
				4D851ECD294791D900D8D58C /* SceneDelegate.swift in Sources */,
			);
			runOnlyForDeploymentPostprocessing = 0;
		};
		4D851ED9294791DB00D8D58C /* Sources */ = {
			isa = PBXSourcesBuildPhase;
			buildActionMask = 2147483647;
			files = (
				4D851EE2294791DB00D8D58C /* calculadoraTests.swift in Sources */,
			);
			runOnlyForDeploymentPostprocessing = 0;
		};
		4D851EE3294791DB00D8D58C /* Sources */ = {
			isa = PBXSourcesBuildPhase;
			buildActionMask = 2147483647;
			files = (
				4D851EEE294791DB00D8D58C /* calculadoraUITestsLaunchTests.swift in Sources */,
				4D851EEC294791DB00D8D58C /* calculadoraUITests.swift in Sources */,
			);
			runOnlyForDeploymentPostprocessing = 0;
		};
/* End PBXSourcesBuildPhase section */

/* Begin PBXTargetDependency section */
		4D851EDF294791DB00D8D58C /* PBXTargetDependency */ = {
			isa = PBXTargetDependency;
			target = 4D851EC6294791D900D8D58C /* calculadora */;
			targetProxy = 4D851EDE294791DB00D8D58C /* PBXContainerItemProxy */;
		};
		4D851EE9294791DB00D8D58C /* PBXTargetDependency */ = {
			isa = PBXTargetDependency;
			target = 4D851EC6294791D900D8D58C /* calculadora */;
			targetProxy = 4D851EE8294791DB00D8D58C /* PBXContainerItemProxy */;
		};
/* End PBXTargetDependency section */

/* Begin PBXVariantGroup section */
		4D851ED0294791D900D8D58C /* Main.storyboard */ = {
			isa = PBXVariantGroup;
			children = (
				4D851ED1294791D900D8D58C /* Base */,
			);
			name = Main.storyboard;
			sourceTree = "<group>";
		};
		4D851ED5294791DB00D8D58C /* LaunchScreen.storyboard */ = {
			isa = PBXVariantGroup;
			children = (
				4D851ED6294791DB00D8D58C /* Base */,
			);
			name = LaunchScreen.storyboard;
			sourceTree = "<group>";
		};
/* End PBXVariantGroup section */

/* Begin XCBuildConfiguration section */
		4D851EEF294791DB00D8D58C /* Debug */ = {
			isa = XCBuildConfiguration;
			buildSettings = {
				ALWAYS_SEARCH_USER_PATHS = NO;
				CLANG_ANALYZER_NONNULL = YES;
				CLANG_ANALYZER_NUMBER_OBJECT_CONVERSION = YES_AGGRESSIVE;
				CLANG_CXX_LANGUAGE_STANDARD = "gnu++20";
				CLANG_ENABLE_MODULES = YES;
				CLANG_ENABLE_OBJC_ARC = YES;
				CLANG_ENABLE_OBJC_WEAK = YES;
				CLANG_WARN_BLOCK_CAPTURE_AUTORELEASING = YES;
				CLANG_WARN_BOOL_CONVERSION = YES;
				CLANG_WARN_COMMA = YES;
				CLANG_WARN_CONSTANT_CONVERSION = YES;
				CLANG_WARN_DEPRECATED_OBJC_IMPLEMENTATIONS = YES;
				CLANG_WARN_DIRECT_OBJC_ISA_USAGE = YES_ERROR;
				CLANG_WARN_DOCUMENTATION_COMMENTS = YES;
				CLANG_WARN_EMPTY_BODY = YES;
				CLANG_WARN_ENUM_CONVERSION = YES;
				CLANG_WARN_INFINITE_RECURSION = YES;
				CLANG_WARN_INT_CONVERSION = YES;
				CLANG_WARN_NON_LITERAL_NULL_CONVERSION = YES;
				CLANG_WARN_OBJC_IMPLICIT_RETAIN_SELF = YES;
				CLANG_WARN_OBJC_LITERAL_CONVERSION = YES;
				CLANG_WARN_OBJC_ROOT_CLASS = YES_ERROR;
				CLANG_WARN_QUOTED_INCLUDE_IN_FRAMEWORK_HEADER = YES;
				CLANG_WARN_RANGE_LOOP_ANALYSIS = YES;
				CLANG_WARN_STRICT_PROTOTYPES = YES;
				CLANG_WARN_SUSPICIOUS_MOVE = YES;
				CLANG_WARN_UNGUARDED_AVAILABILITY = YES_AGGRESSIVE;
				CLANG_WARN_UNREACHABLE_CODE = YES;
				CLANG_WARN__DUPLICATE_METHOD_MATCH = YES;
				COPY_PHASE_STRIP = NO;
				DEBUG_INFORMATION_FORMAT = dwarf;
				ENABLE_STRICT_OBJC_MSGSEND = YES;
				ENABLE_TESTABILITY = YES;
				GCC_C_LANGUAGE_STANDARD = gnu11;
				GCC_DYNAMIC_NO_PIC = NO;
				GCC_NO_COMMON_BLOCKS = YES;
				GCC_OPTIMIZATION_LEVEL = 0;
				GCC_PREPROCESSOR_DEFINITIONS = (
					"DEBUG=1",
					"$(inherited)",
				);
				GCC_WARN_64_TO_32_BIT_CONVERSION = YES;
				GCC_WARN_ABOUT_RETURN_TYPE = YES_ERROR;
				GCC_WARN_UNDECLARED_SELECTOR = YES;
				GCC_WARN_UNINITIALIZED_AUTOS = YES_AGGRESSIVE;
				GCC_WARN_UNUSED_FUNCTION = YES;
				GCC_WARN_UNUSED_VARIABLE = YES;
				IPHONEOS_DEPLOYMENT_TARGET = 16.1;
				MTL_ENABLE_DEBUG_INFO = INCLUDE_SOURCE;
				MTL_FAST_MATH = YES;
				ONLY_ACTIVE_ARCH = YES;
				SDKROOT = iphoneos;
				SWIFT_ACTIVE_COMPILATION_CONDITIONS = DEBUG;
				SWIFT_OPTIMIZATION_LEVEL = "-Onone";
			};
			name = Debug;
		};
		4D851EF0294791DB00D8D58C /* Release */ = {
			isa = XCBuildConfiguration;
			buildSettings = {
				ALWAYS_SEARCH_USER_PATHS = NO;
				CLANG_ANALYZER_NONNULL = YES;
				CLANG_ANALYZER_NUMBER_OBJECT_CONVERSION = YES_AGGRESSIVE;
				CLANG_CXX_LANGUAGE_STANDARD = "gnu++20";
				CLANG_ENABLE_MODULES = YES;
				CLANG_ENABLE_OBJC_ARC = YES;
				CLANG_ENABLE_OBJC_WEAK = YES;
				CLANG_WARN_BLOCK_CAPTURE_AUTORELEASING = YES;
				CLANG_WARN_BOOL_CONVERSION = YES;
				CLANG_WARN_COMMA = YES;
				CLANG_WARN_CONSTANT_CONVERSION = YES;
				CLANG_WARN_DEPRECATED_OBJC_IMPLEMENTATIONS = YES;
				CLANG_WARN_DIRECT_OBJC_ISA_USAGE = YES_ERROR;
				CLANG_WARN_DOCUMENTATION_COMMENTS = YES;
				CLANG_WARN_EMPTY_BODY = YES;
				CLANG_WARN_ENUM_CONVERSION = YES;
				CLANG_WARN_INFINITE_RECURSION = YES;
				CLANG_WARN_INT_CONVERSION = YES;
				CLANG_WARN_NON_LITERAL_NULL_CONVERSION = YES;
				CLANG_WARN_OBJC_IMPLICIT_RETAIN_SELF = YES;
				CLANG_WARN_OBJC_LITERAL_CONVERSION = YES;
				CLANG_WARN_OBJC_ROOT_CLASS = YES_ERROR;
				CLANG_WARN_QUOTED_INCLUDE_IN_FRAMEWORK_HEADER = YES;
				CLANG_WARN_RANGE_LOOP_ANALYSIS = YES;
				CLANG_WARN_STRICT_PROTOTYPES = YES;
				CLANG_WARN_SUSPICIOUS_MOVE = YES;
				CLANG_WARN_UNGUARDED_AVAILABILITY = YES_AGGRESSIVE;
				CLANG_WARN_UNREACHABLE_CODE = YES;
				CLANG_WARN__DUPLICATE_METHOD_MATCH = YES;
				COPY_PHASE_STRIP = NO;
				DEBUG_INFORMATION_FORMAT = "dwarf-with-dsym";
				ENABLE_NS_ASSERTIONS = NO;
				ENABLE_STRICT_OBJC_MSGSEND = YES;
				GCC_C_LANGUAGE_STANDARD = gnu11;
				GCC_NO_COMMON_BLOCKS = YES;
				GCC_WARN_64_TO_32_BIT_CONVERSION = YES;
				GCC_WARN_ABOUT_RETURN_TYPE = YES_ERROR;
				GCC_WARN_UNDECLARED_SELECTOR = YES;
				GCC_WARN_UNINITIALIZED_AUTOS = YES_AGGRESSIVE;
				GCC_WARN_UNUSED_FUNCTION = YES;
				GCC_WARN_UNUSED_VARIABLE = YES;
				IPHONEOS_DEPLOYMENT_TARGET = 16.1;
				MTL_ENABLE_DEBUG_INFO = NO;
				MTL_FAST_MATH = YES;
				SDKROOT = iphoneos;
				SWIFT_COMPILATION_MODE = wholemodule;
				SWIFT_OPTIMIZATION_LEVEL = "-O";
				VALIDATE_PRODUCT = YES;
			};
			name = Release;
		};
		4D851EF2294791DB00D8D58C /* Debug */ = {
			isa = XCBuildConfiguration;
			buildSettings = {
				ASSETCATALOG_COMPILER_APPICON_NAME = AppIcon;
				ASSETCATALOG_COMPILER_GLOBAL_ACCENT_COLOR_NAME = AccentColor;
				CODE_SIGN_STYLE = Automatic;
				CURRENT_PROJECT_VERSION = 1;
				DEVELOPMENT_TEAM = 34BTJ5583U;
				GENERATE_INFOPLIST_FILE = YES;
				INFOPLIST_FILE = calculadora/Info.plist;
				INFOPLIST_KEY_UIApplicationSupportsIndirectInputEvents = YES;
				INFOPLIST_KEY_UILaunchStoryboardName = LaunchScreen;
				INFOPLIST_KEY_UIMainStoryboardFile = Main;
				INFOPLIST_KEY_UISupportedInterfaceOrientations_iPad = "UIInterfaceOrientationPortrait UIInterfaceOrientationPortraitUpsideDown UIInterfaceOrientationLandscapeLeft UIInterfaceOrientationLandscapeRight";
				INFOPLIST_KEY_UISupportedInterfaceOrientations_iPhone = "UIInterfaceOrientationPortrait UIInterfaceOrientationLandscapeLeft UIInterfaceOrientationLandscapeRight";
				LD_RUNPATH_SEARCH_PATHS = (
					"$(inherited)",
					"@executable_path/Frameworks",
				);
				MARKETING_VERSION = 1.0;
				PRODUCT_BUNDLE_IDENTIFIER = mg.calculadora;
				PRODUCT_NAME = "$(TARGET_NAME)";
				SWIFT_EMIT_LOC_STRINGS = YES;
				SWIFT_VERSION = 5.0;
				TARGETED_DEVICE_FAMILY = "1,2";
			};
			name = Debug;
		};
		4D851EF3294791DB00D8D58C /* Release */ = {
			isa = XCBuildConfiguration;
			buildSettings = {
				ASSETCATALOG_COMPILER_APPICON_NAME = AppIcon;
				ASSETCATALOG_COMPILER_GLOBAL_ACCENT_COLOR_NAME = AccentColor;
				CODE_SIGN_STYLE = Automatic;
				CURRENT_PROJECT_VERSION = 1;
				DEVELOPMENT_TEAM = 34BTJ5583U;
				GENERATE_INFOPLIST_FILE = YES;
				INFOPLIST_FILE = calculadora/Info.plist;
				INFOPLIST_KEY_UIApplicationSupportsIndirectInputEvents = YES;
				INFOPLIST_KEY_UILaunchStoryboardName = LaunchScreen;
				INFOPLIST_KEY_UIMainStoryboardFile = Main;
				INFOPLIST_KEY_UISupportedInterfaceOrientations_iPad = "UIInterfaceOrientationPortrait UIInterfaceOrientationPortraitUpsideDown UIInterfaceOrientationLandscapeLeft UIInterfaceOrientationLandscapeRight";
				INFOPLIST_KEY_UISupportedInterfaceOrientations_iPhone = "UIInterfaceOrientationPortrait UIInterfaceOrientationLandscapeLeft UIInterfaceOrientationLandscapeRight";
				LD_RUNPATH_SEARCH_PATHS = (
					"$(inherited)",
					"@executable_path/Frameworks",
				);
				MARKETING_VERSION = 1.0;
				PRODUCT_BUNDLE_IDENTIFIER = mg.calculadora;
				PRODUCT_NAME = "$(TARGET_NAME)";
				SWIFT_EMIT_LOC_STRINGS = YES;
				SWIFT_VERSION = 5.0;
				TARGETED_DEVICE_FAMILY = "1,2";
			};
			name = Release;
		};
		4D851EF5294791DB00D8D58C /* Debug */ = {
			isa = XCBuildConfiguration;
			buildSettings = {
				ALWAYS_EMBED_SWIFT_STANDARD_LIBRARIES = YES;
				BUNDLE_LOADER = "$(TEST_HOST)";
				CODE_SIGN_STYLE = Automatic;
				CURRENT_PROJECT_VERSION = 1;
				DEVELOPMENT_TEAM = 34BTJ5583U;
				GENERATE_INFOPLIST_FILE = YES;
				IPHONEOS_DEPLOYMENT_TARGET = 16.1;
				MARKETING_VERSION = 1.0;
				PRODUCT_BUNDLE_IDENTIFIER = mg.calculadoraTests;
				PRODUCT_NAME = "$(TARGET_NAME)";
				SWIFT_EMIT_LOC_STRINGS = NO;
				SWIFT_VERSION = 5.0;
				TARGETED_DEVICE_FAMILY = "1,2";
				TEST_HOST = "$(BUILT_PRODUCTS_DIR)/calculadora.app/$(BUNDLE_EXECUTABLE_FOLDER_PATH)/calculadora";
			};
			name = Debug;
		};
		4D851EF6294791DB00D8D58C /* Release */ = {
			isa = XCBuildConfiguration;
			buildSettings = {
				ALWAYS_EMBED_SWIFT_STANDARD_LIBRARIES = YES;
				BUNDLE_LOADER = "$(TEST_HOST)";
				CODE_SIGN_STYLE = Automatic;
				CURRENT_PROJECT_VERSION = 1;
				DEVELOPMENT_TEAM = 34BTJ5583U;
				GENERATE_INFOPLIST_FILE = YES;
				IPHONEOS_DEPLOYMENT_TARGET = 16.1;
				MARKETING_VERSION = 1.0;
				PRODUCT_BUNDLE_IDENTIFIER = mg.calculadoraTests;
				PRODUCT_NAME = "$(TARGET_NAME)";
				SWIFT_EMIT_LOC_STRINGS = NO;
				SWIFT_VERSION = 5.0;
				TARGETED_DEVICE_FAMILY = "1,2";
				TEST_HOST = "$(BUILT_PRODUCTS_DIR)/calculadora.app/$(BUNDLE_EXECUTABLE_FOLDER_PATH)/calculadora";
			};
			name = Release;
		};
		4D851EF8294791DB00D8D58C /* Debug */ = {
			isa = XCBuildConfiguration;
			buildSettings = {
				ALWAYS_EMBED_SWIFT_STANDARD_LIBRARIES = YES;
				CODE_SIGN_STYLE = Automatic;
				CURRENT_PROJECT_VERSION = 1;
				DEVELOPMENT_TEAM = 34BTJ5583U;
				GENERATE_INFOPLIST_FILE = YES;
				MARKETING_VERSION = 1.0;
				PRODUCT_BUNDLE_IDENTIFIER = mg.calculadoraUITests;
				PRODUCT_NAME = "$(TARGET_NAME)";
				SWIFT_EMIT_LOC_STRINGS = NO;
				SWIFT_VERSION = 5.0;
				TARGETED_DEVICE_FAMILY = "1,2";
				TEST_TARGET_NAME = calculadora;
			};
			name = Debug;
		};
		4D851EF9294791DB00D8D58C /* Release */ = {
			isa = XCBuildConfiguration;
			buildSettings = {
				ALWAYS_EMBED_SWIFT_STANDARD_LIBRARIES = YES;
				CODE_SIGN_STYLE = Automatic;
				CURRENT_PROJECT_VERSION = 1;
				DEVELOPMENT_TEAM = 34BTJ5583U;
				GENERATE_INFOPLIST_FILE = YES;
				MARKETING_VERSION = 1.0;
				PRODUCT_BUNDLE_IDENTIFIER = mg.calculadoraUITests;
				PRODUCT_NAME = "$(TARGET_NAME)";
				SWIFT_EMIT_LOC_STRINGS = NO;
				SWIFT_VERSION = 5.0;
				TARGETED_DEVICE_FAMILY = "1,2";
				TEST_TARGET_NAME = calculadora;
			};
			name = Release;
		};
/* End XCBuildConfiguration section */

/* Begin XCConfigurationList section */
		4D851EC2294791D900D8D58C /* Build configuration list for PBXProject "calculadora" */ = {
			isa = XCConfigurationList;
			buildConfigurations = (
				4D851EEF294791DB00D8D58C /* Debug */,
				4D851EF0294791DB00D8D58C /* Release */,
			);
			defaultConfigurationIsVisible = 0;
			defaultConfigurationName = Release;
		};
		4D851EF1294791DB00D8D58C /* Build configuration list for PBXNativeTarget "calculadora" */ = {
			isa = XCConfigurationList;
			buildConfigurations = (
				4D851EF2294791DB00D8D58C /* Debug */,
				4D851EF3294791DB00D8D58C /* Release */,
			);
			defaultConfigurationIsVisible = 0;
			defaultConfigurationName = Release;
		};
		4D851EF4294791DB00D8D58C /* Build configuration list for PBXNativeTarget "calculadoraTests" */ = {
			isa = XCConfigurationList;
			buildConfigurations = (
				4D851EF5294791DB00D8D58C /* Debug */,
				4D851EF6294791DB00D8D58C /* Release */,
			);
			defaultConfigurationIsVisible = 0;
			defaultConfigurationName = Release;
		};
		4D851EF7294791DB00D8D58C /* Build configuration list for PBXNativeTarget "calculadoraUITests" */ = {
			isa = XCConfigurationList;
			buildConfigurations = (
				4D851EF8294791DB00D8D58C /* Debug */,
				4D851EF9294791DB00D8D58C /* Release */,
			);
			defaultConfigurationIsVisible = 0;
			defaultConfigurationName = Release;
		};
/* End XCConfigurationList section */
	};
	rootObject = 4D851EBF294791D900D8D58C /* Project object */;
}
